
Microsoft Visual Studio Solution File, Format Version 12.00
# Visual Studio Version 16
VisualStudioVersion = 16.0.30711.63
MinimumVisualStudioVersion = 10.0.40219.1
Project("{FAE04EC0-301F-11D3-BF4B-00C04F79EFBC}") = "01_exchangeRate", "01_exchangeRate\01_exchangeRate.csproj", "{29D6125C-2ED1-4979-96C9-33151C8CD3D6}"
EndProject
Project("{FAE04EC0-301F-11D3-BF4B-00C04F79EFBC}") = "HelperTools", "HelperTools\HelperTools.csproj", "{6E5FC5C9-AA71-46ED-8EF8-81641C265118}"
EndProject
Global
	GlobalSection(SolutionConfigurationPlatforms) = preSolution
		Debug|Any CPU = Debug|Any CPU
		Release|Any CPU = Release|Any CPU
	EndGlobalSection
	GlobalSection(ProjectConfigurationPlatforms) = postSolution
		{29D6125C-2ED1-4979-96C9-33151C8CD3D6}.Debug|Any CPU.ActiveCfg = Debug|Any CPU
		{29D6125C-2ED1-4979-96C9-33151C8CD3D6}.Debug|Any CPU.Build.0 = Debug|Any CPU
		{29D6125C-2ED1-4979-96C9-33151C8CD3D6}.Release|Any CPU.ActiveCfg = Release|Any CPU
		{29D6125C-2ED1-4979-96C9-33151C8CD3D6}.Release|Any CPU.Build.0 = Release|Any CPU
		{6E5FC5C9-AA71-46ED-8EF8-81641C265118}.Debug|Any CPU.ActiveCfg = Debug|Any CPU
		{6E5FC5C9-AA71-46ED-8EF8-81641C265118}.Debug|Any CPU.Build.0 = Debug|Any CPU
		{6E5FC5C9-AA71-46ED-8EF8-81641C265118}.Release|Any CPU.ActiveCfg = Release|Any CPU
		{6E5FC5C9-AA71-46ED-8EF8-81641C265118}.Release|Any CPU.Build.0 = Release|Any CPU
	EndGlobalSection
	GlobalSection(SolutionProperties) = preSolution
		HideSolutionNode = FALSE
	EndGlobalSection
	GlobalSection(ExtensibilityGlobals) = postSolution
		SolutionGuid = {3A91719C-B45D-40A6-B098-A8C7FF0D3DF7}
	EndGlobalSection
EndGlobal
