
Microsoft Visual Studio Solution File, Format Version 12.00
# Visual Studio Version 16
VisualStudioVersion = 16.0.30711.63
MinimumVisualStudioVersion = 10.0.40219.1
Project("{9A19103F-16F7-4668-BE54-9A1E7A4F7556}") = "01_exchangeRate", "01_exchangeRate\01_exchangeRate.csproj", "{29D6125C-2ED1-4979-96C9-33151C8CD3D6}"
EndProject
Project("{9A19103F-16F7-4668-BE54-9A1E7A4F7556}") = "HelperTools", "HelperTools\HelperTools.csproj", "{6E5FC5C9-AA71-46ED-8EF8-81641C265118}"
EndProject
Project("{9A19103F-16F7-4668-BE54-9A1E7A4F7556}") = "02_password_check", "02_password_check\02_password_check.csproj", "{240BAEDC-9E10-4A2F-B658-2B26268ECC14}"
EndProject
Project("{9A19103F-16F7-4668-BE54-9A1E7A4F7556}") = "03_toboggan_trajectory", "03_toboggan_trajectory\03_toboggan_trajectory.csproj", "{71DF409B-EDF9-41B6-B8EA-FBF4E1971AC8}"
EndProject
Project("{9A19103F-16F7-4668-BE54-9A1E7A4F7556}") = "04_passport_processing", "04_passport_processing\04_passport_processing.csproj", "{F065B63B-0F21-4EED-B9AA-7F9A44E0A40D}"
EndProject
Project("{9A19103F-16F7-4668-BE54-9A1E7A4F7556}") = "05_binary_boarding", "05_binary_boarding\05_binary_boarding.csproj", "{A027854C-7227-4D0F-8298-7990EAB85B65}"
EndProject
Project("{FAE04EC0-301F-11D3-BF4B-00C04F79EFBC}") = "06_custom_customs", "06_custom_customs\06_custom_customs.csproj", "{A3A3E9C6-A597-435C-8162-C4CD59451162}"
EndProject
Global
	GlobalSection(SolutionConfigurationPlatforms) = preSolution
		Debug|Any CPU = Debug|Any CPU
		Release|Any CPU = Release|Any CPU
	EndGlobalSection
	GlobalSection(ProjectConfigurationPlatforms) = postSolution
		{29D6125C-2ED1-4979-96C9-33151C8CD3D6}.Debug|Any CPU.ActiveCfg = Debug|Any CPU
		{29D6125C-2ED1-4979-96C9-33151C8CD3D6}.Debug|Any CPU.Build.0 = Debug|Any CPU
		{29D6125C-2ED1-4979-96C9-33151C8CD3D6}.Release|Any CPU.ActiveCfg = Release|Any CPU
		{29D6125C-2ED1-4979-96C9-33151C8CD3D6}.Release|Any CPU.Build.0 = Release|Any CPU
		{6E5FC5C9-AA71-46ED-8EF8-81641C265118}.Debug|Any CPU.ActiveCfg = Debug|Any CPU
		{6E5FC5C9-AA71-46ED-8EF8-81641C265118}.Debug|Any CPU.Build.0 = Debug|Any CPU
		{6E5FC5C9-AA71-46ED-8EF8-81641C265118}.Release|Any CPU.ActiveCfg = Release|Any CPU
		{6E5FC5C9-AA71-46ED-8EF8-81641C265118}.Release|Any CPU.Build.0 = Release|Any CPU
		{240BAEDC-9E10-4A2F-B658-2B26268ECC14}.Debug|Any CPU.ActiveCfg = Debug|Any CPU
		{240BAEDC-9E10-4A2F-B658-2B26268ECC14}.Debug|Any CPU.Build.0 = Debug|Any CPU
		{240BAEDC-9E10-4A2F-B658-2B26268ECC14}.Release|Any CPU.ActiveCfg = Release|Any CPU
		{240BAEDC-9E10-4A2F-B658-2B26268ECC14}.Release|Any CPU.Build.0 = Release|Any CPU
		{71DF409B-EDF9-41B6-B8EA-FBF4E1971AC8}.Debug|Any CPU.ActiveCfg = Debug|Any CPU
		{71DF409B-EDF9-41B6-B8EA-FBF4E1971AC8}.Debug|Any CPU.Build.0 = Debug|Any CPU
		{71DF409B-EDF9-41B6-B8EA-FBF4E1971AC8}.Release|Any CPU.ActiveCfg = Release|Any CPU
		{71DF409B-EDF9-41B6-B8EA-FBF4E1971AC8}.Release|Any CPU.Build.0 = Release|Any CPU
		{F065B63B-0F21-4EED-B9AA-7F9A44E0A40D}.Debug|Any CPU.ActiveCfg = Debug|Any CPU
		{F065B63B-0F21-4EED-B9AA-7F9A44E0A40D}.Debug|Any CPU.Build.0 = Debug|Any CPU
		{F065B63B-0F21-4EED-B9AA-7F9A44E0A40D}.Release|Any CPU.ActiveCfg = Release|Any CPU
		{F065B63B-0F21-4EED-B9AA-7F9A44E0A40D}.Release|Any CPU.Build.0 = Release|Any CPU
		{A027854C-7227-4D0F-8298-7990EAB85B65}.Debug|Any CPU.ActiveCfg = Debug|Any CPU
		{A027854C-7227-4D0F-8298-7990EAB85B65}.Debug|Any CPU.Build.0 = Debug|Any CPU
		{A027854C-7227-4D0F-8298-7990EAB85B65}.Release|Any CPU.ActiveCfg = Release|Any CPU
		{A027854C-7227-4D0F-8298-7990EAB85B65}.Release|Any CPU.Build.0 = Release|Any CPU
		{A3A3E9C6-A597-435C-8162-C4CD59451162}.Debug|Any CPU.ActiveCfg = Debug|Any CPU
		{A3A3E9C6-A597-435C-8162-C4CD59451162}.Debug|Any CPU.Build.0 = Debug|Any CPU
		{A3A3E9C6-A597-435C-8162-C4CD59451162}.Release|Any CPU.ActiveCfg = Release|Any CPU
		{A3A3E9C6-A597-435C-8162-C4CD59451162}.Release|Any CPU.Build.0 = Release|Any CPU
	EndGlobalSection
	GlobalSection(SolutionProperties) = preSolution
		HideSolutionNode = FALSE
	EndGlobalSection
	GlobalSection(ExtensibilityGlobals) = postSolution
		SolutionGuid = {3A91719C-B45D-40A6-B098-A8C7FF0D3DF7}
	EndGlobalSection
EndGlobal
